
Microsoft Visual Studio Solution File, Format Version 12.00
# Visual Studio Version 16
VisualStudioVersion = 16.0.30711.63
MinimumVisualStudioVersion = 10.0.40219.1
Project("{FAE04EC0-301F-11D3-BF4B-00C04F79EFBC}") = "ClassicTotalizator.API", "ClassicTotalizator.API\ClassicTotalizator.API.csproj", "{2AF8AFFE-3F8A-48CE-B85C-43332DACAFBE}"
EndProject
Global
	GlobalSection(SolutionConfigurationPlatforms) = preSolution
		Debug|Any CPU = Debug|Any CPU
		Release|Any CPU = Release|Any CPU
	EndGlobalSection
	GlobalSection(ProjectConfigurationPlatforms) = postSolution
		{2AF8AFFE-3F8A-48CE-B85C-43332DACAFBE}.Debug|Any CPU.ActiveCfg = Debug|Any CPU
		{2AF8AFFE-3F8A-48CE-B85C-43332DACAFBE}.Debug|Any CPU.Build.0 = Debug|Any CPU
		{2AF8AFFE-3F8A-48CE-B85C-43332DACAFBE}.Release|Any CPU.ActiveCfg = Release|Any CPU
		{2AF8AFFE-3F8A-48CE-B85C-43332DACAFBE}.Release|Any CPU.Build.0 = Release|Any CPU
	EndGlobalSection
	GlobalSection(SolutionProperties) = preSolution
		HideSolutionNode = FALSE
	EndGlobalSection
	GlobalSection(ExtensibilityGlobals) = postSolution
		SolutionGuid = {76ED05BB-599B-4B6D-9723-1579D40AA49C}
	EndGlobalSection
EndGlobal
